
Microsoft Visual Studio Solution File, Format Version 12.00
Project("{FAE04EC0-301F-11D3-BF4B-00C04F79EFBC}") = "BL", "src\BL\BL.csproj", "{21A6CACD-1ED0-40CF-9EC1-25FB81D07CC0}"
EndProject
Project("{FAE04EC0-301F-11D3-BF4B-00C04F79EFBC}") = "BL.Tests", "src\BL.Tests\BL.Tests.csproj", "{3C95D4DD-3B78-4CE8-B318-87E51B35108C}"
EndProject
Project("{FAE04EC0-301F-11D3-BF4B-00C04F79EFBC}") = "Desktop", "src\Desktop\Desktop.csproj", "{D43255A2-DF62-4A98-9C1B-8FAF6D62A500}"
EndProject
Project("{FAE04EC0-301F-11D3-BF4B-00C04F79EFBC}") = "Services", "src\Services\Services.csproj", "{AD2F6017-559C-4D17-86A0-372BF12C7804}"
EndProject
Global
	GlobalSection(SolutionConfigurationPlatforms) = preSolution
		Debug|Any CPU = Debug|Any CPU
		Release|Any CPU = Release|Any CPU
	EndGlobalSection
	GlobalSection(ProjectConfigurationPlatforms) = postSolution
		{21A6CACD-1ED0-40CF-9EC1-25FB81D07CC0}.Debug|Any CPU.ActiveCfg = Debug|Any CPU
		{21A6CACD-1ED0-40CF-9EC1-25FB81D07CC0}.Debug|Any CPU.Build.0 = Debug|Any CPU
		{21A6CACD-1ED0-40CF-9EC1-25FB81D07CC0}.Release|Any CPU.ActiveCfg = Release|Any CPU
		{21A6CACD-1ED0-40CF-9EC1-25FB81D07CC0}.Release|Any CPU.Build.0 = Release|Any CPU
		{3C95D4DD-3B78-4CE8-B318-87E51B35108C}.Debug|Any CPU.ActiveCfg = Debug|Any CPU
		{3C95D4DD-3B78-4CE8-B318-87E51B35108C}.Debug|Any CPU.Build.0 = Debug|Any CPU
		{3C95D4DD-3B78-4CE8-B318-87E51B35108C}.Release|Any CPU.ActiveCfg = Release|Any CPU
		{3C95D4DD-3B78-4CE8-B318-87E51B35108C}.Release|Any CPU.Build.0 = Release|Any CPU
		{D43255A2-DF62-4A98-9C1B-8FAF6D62A500}.Debug|Any CPU.ActiveCfg = Debug|Any CPU
		{D43255A2-DF62-4A98-9C1B-8FAF6D62A500}.Debug|Any CPU.Build.0 = Debug|Any CPU
		{D43255A2-DF62-4A98-9C1B-8FAF6D62A500}.Release|Any CPU.ActiveCfg = Release|Any CPU
		{D43255A2-DF62-4A98-9C1B-8FAF6D62A500}.Release|Any CPU.Build.0 = Release|Any CPU
		{AD2F6017-559C-4D17-86A0-372BF12C7804}.Debug|Any CPU.ActiveCfg = Debug|Any CPU
		{AD2F6017-559C-4D17-86A0-372BF12C7804}.Debug|Any CPU.Build.0 = Debug|Any CPU
		{AD2F6017-559C-4D17-86A0-372BF12C7804}.Release|Any CPU.ActiveCfg = Release|Any CPU
		{AD2F6017-559C-4D17-86A0-372BF12C7804}.Release|Any CPU.Build.0 = Release|Any CPU
	EndGlobalSection
EndGlobal
